// !$*UTF8*$!
{
	archiveVersion = 1;
	classes = {
	};
	objectVersion = 48;
	objects = {

/* Begin PBXBuildFile section */
		C3F43A901FB8A86F00EB34A4 /* AppDelegate.m in Sources */ = {isa = PBXBuildFile; fileRef = C3F43A8F1FB8A86F00EB34A4 /* AppDelegate.m */; };
		C3F43A961FB8A86F00EB34A4 /* Main.storyboard in Resources */ = {isa = PBXBuildFile; fileRef = C3F43A941FB8A86F00EB34A4 /* Main.storyboard */; };
		C3F43A981FB8A86F00EB34A4 /* Assets.xcassets in Resources */ = {isa = PBXBuildFile; fileRef = C3F43A971FB8A86F00EB34A4 /* Assets.xcassets */; };
		C3F43A9B1FB8A86F00EB34A4 /* LaunchScreen.storyboard in Resources */ = {isa = PBXBuildFile; fileRef = C3F43A991FB8A86F00EB34A4 /* LaunchScreen.storyboard */; };
		C3F43A9E1FB8A86F00EB34A4 /* main.m in Sources */ = {isa = PBXBuildFile; fileRef = C3F43A9D1FB8A86F00EB34A4 /* main.m */; };
		C3F43AA61FB8A8EA00EB34A4 /* ParksTableViewController.m in Sources */ = {isa = PBXBuildFile; fileRef = C3F43AA51FB8A8EA00EB34A4 /* ParksTableViewController.m */; };
		C3F43AA91FB8AD4C00EB34A4 /* Parks.m in Sources */ = {isa = PBXBuildFile; fileRef = C3F43AA81FB8AD4C00EB34A4 /* Parks.m */; };
		C3F43AAC1FB8B0A100EB34A4 /* ParksTableViewCell.m in Sources */ = {isa = PBXBuildFile; fileRef = C3F43AAB1FB8B0A100EB34A4 /* ParksTableViewCell.m */; };
		C3F43AAF1FB8B1F600EB34A4 /* ParkDetailsViewController.m in Sources */ = {isa = PBXBuildFile; fileRef = C3F43AAE1FB8B1F600EB34A4 /* ParkDetailsViewController.m */; };
		C3F43AB21FB8CA9D00EB34A4 /* ParkImages in Resources */ = {isa = PBXBuildFile; fileRef = C3F43AB11FB8CA9D00EB34A4 /* ParkImages */; };
/* End PBXBuildFile section */

/* Begin PBXFileReference section */
		C3F43A8B1FB8A86F00EB34A4 /* FloridaStateParks.app */ = {isa = PBXFileReference; explicitFileType = wrapper.application; includeInIndex = 0; path = FloridaStateParks.app; sourceTree = BUILT_PRODUCTS_DIR; };
		C3F43A8E1FB8A86F00EB34A4 /* AppDelegate.h */ = {isa = PBXFileReference; lastKnownFileType = sourcecode.c.h; path = AppDelegate.h; sourceTree = "<group>"; };
		C3F43A8F1FB8A86F00EB34A4 /* AppDelegate.m */ = {isa = PBXFileReference; lastKnownFileType = sourcecode.c.objc; path = AppDelegate.m; sourceTree = "<group>"; };
		C3F43A951FB8A86F00EB34A4 /* Base */ = {isa = PBXFileReference; lastKnownFileType = file.storyboard; name = Base; path = Base.lproj/Main.storyboard; sourceTree = "<group>"; };
		C3F43A971FB8A86F00EB34A4 /* Assets.xcassets */ = {isa = PBXFileReference; lastKnownFileType = folder.assetcatalog; path = Assets.xcassets; sourceTree = "<group>"; };
		C3F43A9A1FB8A86F00EB34A4 /* Base */ = {isa = PBXFileReference; lastKnownFileType = file.storyboard; name = Base; path = Base.lproj/LaunchScreen.storyboard; sourceTree = "<group>"; };
		C3F43A9C1FB8A86F00EB34A4 /* Info.plist */ = {isa = PBXFileReference; lastKnownFileType = text.plist.xml; path = Info.plist; sourceTree = "<group>"; };
		C3F43A9D1FB8A86F00EB34A4 /* main.m */ = {isa = PBXFileReference; lastKnownFileType = sourcecode.c.objc; path = main.m; sourceTree = "<group>"; };
		C3F43AA41FB8A8EA00EB34A4 /* ParksTableViewController.h */ = {isa = PBXFileReference; lastKnownFileType = sourcecode.c.h; path = ParksTableViewController.h; sourceTree = "<group>"; };
		C3F43AA51FB8A8EA00EB34A4 /* ParksTableViewController.m */ = {isa = PBXFileReference; lastKnownFileType = sourcecode.c.objc; path = ParksTableViewController.m; sourceTree = "<group>"; };
		C3F43AA71FB8AD4C00EB34A4 /* Parks.h */ = {isa = PBXFileReference; lastKnownFileType = sourcecode.c.h; path = Parks.h; sourceTree = "<group>"; };
		C3F43AA81FB8AD4C00EB34A4 /* Parks.m */ = {isa = PBXFileReference; lastKnownFileType = sourcecode.c.objc; path = Parks.m; sourceTree = "<group>"; };
		C3F43AAA1FB8B0A100EB34A4 /* ParksTableViewCell.h */ = {isa = PBXFileReference; lastKnownFileType = sourcecode.c.h; path = ParksTableViewCell.h; sourceTree = "<group>"; };
		C3F43AAB1FB8B0A100EB34A4 /* ParksTableViewCell.m */ = {isa = PBXFileReference; lastKnownFileType = sourcecode.c.objc; path = ParksTableViewCell.m; sourceTree = "<group>"; };
		C3F43AAD1FB8B1F600EB34A4 /* ParkDetailsViewController.h */ = {isa = PBXFileReference; lastKnownFileType = sourcecode.c.h; path = ParkDetailsViewController.h; sourceTree = "<group>"; };
		C3F43AAE1FB8B1F600EB34A4 /* ParkDetailsViewController.m */ = {isa = PBXFileReference; lastKnownFileType = sourcecode.c.objc; path = ParkDetailsViewController.m; sourceTree = "<group>"; };
		C3F43AB11FB8CA9D00EB34A4 /* ParkImages */ = {isa = PBXFileReference; lastKnownFileType = folder; path = ParkImages; sourceTree = "<group>"; };
/* End PBXFileReference section */

/* Begin PBXFrameworksBuildPhase section */
		C3F43A881FB8A86F00EB34A4 /* Frameworks */ = {
			isa = PBXFrameworksBuildPhase;
			buildActionMask = 2147483647;
			files = (
			);
			runOnlyForDeploymentPostprocessing = 0;
		};
/* End PBXFrameworksBuildPhase section */

/* Begin PBXGroup section */
		C3F43A821FB8A86F00EB34A4 = {
			isa = PBXGroup;
			children = (
				C3F43A8D1FB8A86F00EB34A4 /* FloridaStateParks */,
				C3F43A8C1FB8A86F00EB34A4 /* Products */,
			);
			sourceTree = "<group>";
		};
		C3F43A8C1FB8A86F00EB34A4 /* Products */ = {
			isa = PBXGroup;
			children = (
				C3F43A8B1FB8A86F00EB34A4 /* FloridaStateParks.app */,
			);
			name = Products;
			sourceTree = "<group>";
		};
		C3F43A8D1FB8A86F00EB34A4 /* FloridaStateParks */ = {
			isa = PBXGroup;
			children = (
				C3F43AB11FB8CA9D00EB34A4 /* ParkImages */,
				C3F43AA71FB8AD4C00EB34A4 /* Parks.h */,
				C3F43AA81FB8AD4C00EB34A4 /* Parks.m */,
				C3F43AAA1FB8B0A100EB34A4 /* ParksTableViewCell.h */,
				C3F43AAB1FB8B0A100EB34A4 /* ParksTableViewCell.m */,
				C3F43AAD1FB8B1F600EB34A4 /* ParkDetailsViewController.h */,
				C3F43AAE1FB8B1F600EB34A4 /* ParkDetailsViewController.m */,
				C3F43AA41FB8A8EA00EB34A4 /* ParksTableViewController.h */,
				C3F43AA51FB8A8EA00EB34A4 /* ParksTableViewController.m */,
				C3F43A941FB8A86F00EB34A4 /* Main.storyboard */,
				C3F43A971FB8A86F00EB34A4 /* Assets.xcassets */,
				C3F43A991FB8A86F00EB34A4 /* LaunchScreen.storyboard */,
				C3F43A8E1FB8A86F00EB34A4 /* AppDelegate.h */,
				C3F43A8F1FB8A86F00EB34A4 /* AppDelegate.m */,
				C3F43A9C1FB8A86F00EB34A4 /* Info.plist */,
				C3F43A9D1FB8A86F00EB34A4 /* main.m */,
			);
			path = FloridaStateParks;
			sourceTree = "<group>";
		};
/* End PBXGroup section */

/* Begin PBXNativeTarget section */
		C3F43A8A1FB8A86F00EB34A4 /* FloridaStateParks */ = {
			isa = PBXNativeTarget;
			buildConfigurationList = C3F43AA11FB8A86F00EB34A4 /* Build configuration list for PBXNativeTarget "FloridaStateParks" */;
			buildPhases = (
				C3F43A871FB8A86F00EB34A4 /* Sources */,
				C3F43A881FB8A86F00EB34A4 /* Frameworks */,
				C3F43A891FB8A86F00EB34A4 /* Resources */,
			);
			buildRules = (
			);
			dependencies = (
			);
			name = FloridaStateParks;
			productName = FloridaStateParks;
			productReference = C3F43A8B1FB8A86F00EB34A4 /* FloridaStateParks.app */;
			productType = "com.apple.product-type.application";
		};
/* End PBXNativeTarget section */

/* Begin PBXProject section */
		C3F43A831FB8A86F00EB34A4 /* Project object */ = {
			isa = PBXProject;
			attributes = {
				LastUpgradeCheck = 0910;
				ORGANIZATIONNAME = "Albert Diaz";
				TargetAttributes = {
					C3F43A8A1FB8A86F00EB34A4 = {
						CreatedOnToolsVersion = 9.1;
						ProvisioningStyle = Automatic;
					};
				};
			};
			buildConfigurationList = C3F43A861FB8A86F00EB34A4 /* Build configuration list for PBXProject "FloridaStateParks" */;
			compatibilityVersion = "Xcode 8.0";
			developmentRegion = en;
			hasScannedForEncodings = 0;
			knownRegions = (
				en,
				Base,
			);
			mainGroup = C3F43A821FB8A86F00EB34A4;
			productRefGroup = C3F43A8C1FB8A86F00EB34A4 /* Products */;
			projectDirPath = "";
			projectRoot = "";
			targets = (
				C3F43A8A1FB8A86F00EB34A4 /* FloridaStateParks */,
			);
		};
/* End PBXProject section */

/* Begin PBXResourcesBuildPhase section */
		C3F43A891FB8A86F00EB34A4 /* Resources */ = {
			isa = PBXResourcesBuildPhase;
			buildActionMask = 2147483647;
			files = (
				C3F43A9B1FB8A86F00EB34A4 /* LaunchScreen.storyboard in Resources */,
				C3F43A981FB8A86F00EB34A4 /* Assets.xcassets in Resources */,
				C3F43AB21FB8CA9D00EB34A4 /* ParkImages in Resources */,
				C3F43A961FB8A86F00EB34A4 /* Main.storyboard in Resources */,
			);
			runOnlyForDeploymentPostprocessing = 0;
		};
/* End PBXResourcesBuildPhase section */

/* Begin PBXSourcesBuildPhase section */
		C3F43A871FB8A86F00EB34A4 /* Sources */ = {
			isa = PBXSourcesBuildPhase;
			buildActionMask = 2147483647;
			files = (
				C3F43A9E1FB8A86F00EB34A4 /* main.m in Sources */,
				C3F43AAF1FB8B1F600EB34A4 /* ParkDetailsViewController.m in Sources */,
				C3F43AA61FB8A8EA00EB34A4 /* ParksTableViewController.m in Sources */,
				C3F43A901FB8A86F00EB34A4 /* AppDelegate.m in Sources */,
				C3F43AAC1FB8B0A100EB34A4 /* ParksTableViewCell.m in Sources */,
				C3F43AA91FB8AD4C00EB34A4 /* Parks.m in Sources */,
			);
			runOnlyForDeploymentPostprocessing = 0;
		};
/* End PBXSourcesBuildPhase section */

/* Begin PBXVariantGroup section */
		C3F43A941FB8A86F00EB34A4 /* Main.storyboard */ = {
			isa = PBXVariantGroup;
			children = (
				C3F43A951FB8A86F00EB34A4 /* Base */,
			);
			name = Main.storyboard;
			sourceTree = "<group>";
		};
		C3F43A991FB8A86F00EB34A4 /* LaunchScreen.storyboard */ = {
			isa = PBXVariantGroup;
			children = (
				C3F43A9A1FB8A86F00EB34A4 /* Base */,
			);
			name = LaunchScreen.storyboard;
			sourceTree = "<group>";
		};
/* End PBXVariantGroup section */

/* Begin XCBuildConfiguration section */
		C3F43A9F1FB8A86F00EB34A4 /* Debug */ = {
			isa = XCBuildConfiguration;
			buildSettings = {
				ALWAYS_SEARCH_USER_PATHS = NO;
				CLANG_ANALYZER_NONNULL = YES;
				CLANG_ANALYZER_NUMBER_OBJECT_CONVERSION = YES_AGGRESSIVE;
				CLANG_CXX_LANGUAGE_STANDARD = "gnu++14";
				CLANG_CXX_LIBRARY = "libc++";
				CLANG_ENABLE_MODULES = YES;
				CLANG_ENABLE_OBJC_ARC = YES;
				CLANG_WARN_BLOCK_CAPTURE_AUTORELEASING = YES;
				CLANG_WARN_BOOL_CONVERSION = YES;
				CLANG_WARN_COMMA = YES;
				CLANG_WARN_CONSTANT_CONVERSION = YES;
				CLANG_WARN_DIRECT_OBJC_ISA_USAGE = YES_ERROR;
				CLANG_WARN_DOCUMENTATION_COMMENTS = YES;
				CLANG_WARN_EMPTY_BODY = YES;
				CLANG_WARN_ENUM_CONVERSION = YES;
				CLANG_WARN_INFINITE_RECURSION = YES;
				CLANG_WARN_INT_CONVERSION = YES;
				CLANG_WARN_NON_LITERAL_NULL_CONVERSION = YES;
				CLANG_WARN_OBJC_LITERAL_CONVERSION = YES;
				CLANG_WARN_OBJC_ROOT_CLASS = YES_ERROR;
				CLANG_WARN_RANGE_LOOP_ANALYSIS = YES;
				CLANG_WARN_STRICT_PROTOTYPES = YES;
				CLANG_WARN_SUSPICIOUS_MOVE = YES;
				CLANG_WARN_UNGUARDED_AVAILABILITY = YES_AGGRESSIVE;
				CLANG_WARN_UNREACHABLE_CODE = YES;
				CLANG_WARN__DUPLICATE_METHOD_MATCH = YES;
				CODE_SIGN_IDENTITY = "iPhone Developer";
				COPY_PHASE_STRIP = NO;
				DEBUG_INFORMATION_FORMAT = dwarf;
				ENABLE_STRICT_OBJC_MSGSEND = YES;
				ENABLE_TESTABILITY = YES;
				GCC_C_LANGUAGE_STANDARD = gnu11;
				GCC_DYNAMIC_NO_PIC = NO;
				GCC_NO_COMMON_BLOCKS = YES;
				GCC_OPTIMIZATION_LEVEL = 0;
				GCC_PREPROCESSOR_DEFINITIONS = (
					"DEBUG=1",
					"$(inherited)",
				);
				GCC_WARN_64_TO_32_BIT_CONVERSION = YES;
				GCC_WARN_ABOUT_RETURN_TYPE = YES_ERROR;
				GCC_WARN_UNDECLARED_SELECTOR = YES;
				GCC_WARN_UNINITIALIZED_AUTOS = YES_AGGRESSIVE;
				GCC_WARN_UNUSED_FUNCTION = YES;
				GCC_WARN_UNUSED_VARIABLE = YES;
				IPHONEOS_DEPLOYMENT_TARGET = 11.1;
				MTL_ENABLE_DEBUG_INFO = YES;
				ONLY_ACTIVE_ARCH = YES;
				SDKROOT = iphoneos;
			};
			name = Debug;
		};
		C3F43AA01FB8A86F00EB34A4 /* Release */ = {
			isa = XCBuildConfiguration;
			buildSettings = {
				ALWAYS_SEARCH_USER_PATHS = NO;
				CLANG_ANALYZER_NONNULL = YES;
				CLANG_ANALYZER_NUMBER_OBJECT_CONVERSION = YES_AGGRESSIVE;
				CLANG_CXX_LANGUAGE_STANDARD = "gnu++14";
				CLANG_CXX_LIBRARY = "libc++";
				CLANG_ENABLE_MODULES = YES;
				CLANG_ENABLE_OBJC_ARC = YES;
				CLANG_WARN_BLOCK_CAPTURE_AUTORELEASING = YES;
				CLANG_WARN_BOOL_CONVERSION = YES;
				CLANG_WARN_COMMA = YES;
				CLANG_WARN_CONSTANT_CONVERSION = YES;
				CLANG_WARN_DIRECT_OBJC_ISA_USAGE = YES_ERROR;
				CLANG_WARN_DOCUMENTATION_COMMENTS = YES;
				CLANG_WARN_EMPTY_BODY = YES;
				CLANG_WARN_ENUM_CONVERSION = YES;
				CLANG_WARN_INFINITE_RECURSION = YES;
				CLANG_WARN_INT_CONVERSION = YES;
				CLANG_WARN_NON_LITERAL_NULL_CONVERSION = YES;
				CLANG_WARN_OBJC_LITERAL_CONVERSION = YES;
				CLANG_WARN_OBJC_ROOT_CLASS = YES_ERROR;
				CLANG_WARN_RANGE_LOOP_ANALYSIS = YES;
				CLANG_WARN_STRICT_PROTOTYPES = YES;
				CLANG_WARN_SUSPICIOUS_MOVE = YES;
				CLANG_WARN_UNGUARDED_AVAILABILITY = YES_AGGRESSIVE;
				CLANG_WARN_UNREACHABLE_CODE = YES;
				CLANG_WARN__DUPLICATE_METHOD_MATCH = YES;
				CODE_SIGN_IDENTITY = "iPhone Developer";
				COPY_PHASE_STRIP = NO;
				DEBUG_INFORMATION_FORMAT = "dwarf-with-dsym";
				ENABLE_NS_ASSERTIONS = NO;
				ENABLE_STRICT_OBJC_MSGSEND = YES;
				GCC_C_LANGUAGE_STANDARD = gnu11;
				GCC_NO_COMMON_BLOCKS = YES;
				GCC_WARN_64_TO_32_BIT_CONVERSION = YES;
				GCC_WARN_ABOUT_RETURN_TYPE = YES_ERROR;
				GCC_WARN_UNDECLARED_SELECTOR = YES;
				GCC_WARN_UNINITIALIZED_AUTOS = YES_AGGRESSIVE;
				GCC_WARN_UNUSED_FUNCTION = YES;
				GCC_WARN_UNUSED_VARIABLE = YES;
				IPHONEOS_DEPLOYMENT_TARGET = 11.1;
				MTL_ENABLE_DEBUG_INFO = NO;
				SDKROOT = iphoneos;
				VALIDATE_PRODUCT = YES;
			};
			name = Release;
		};
		C3F43AA21FB8A86F00EB34A4 /* Debug */ = {
			isa = XCBuildConfiguration;
			buildSettings = {
				ASSETCATALOG_COMPILER_APPICON_NAME = AppIcon;
				CODE_SIGN_STYLE = Automatic;
				INFOPLIST_FILE = FloridaStateParks/Info.plist;
				LD_RUNPATH_SEARCH_PATHS = "$(inherited) @executable_path/Frameworks";
				PRODUCT_BUNDLE_IDENTIFIER = edu.mdc.FloridaStateParks;
				PRODUCT_NAME = "$(TARGET_NAME)";
				TARGETED_DEVICE_FAMILY = "1,2";
			};
			name = Debug;
		};
		C3F43AA31FB8A86F00EB34A4 /* Release */ = {
			isa = XCBuildConfiguration;
			buildSettings = {
				ASSETCATALOG_COMPILER_APPICON_NAME = AppIcon;
				CODE_SIGN_STYLE = Automatic;
				INFOPLIST_FILE = FloridaStateParks/Info.plist;
				LD_RUNPATH_SEARCH_PATHS = "$(inherited) @executable_path/Frameworks";
				PRODUCT_BUNDLE_IDENTIFIER = edu.mdc.FloridaStateParks;
				PRODUCT_NAME = "$(TARGET_NAME)";
				TARGETED_DEVICE_FAMILY = "1,2";
			};
			name = Release;
		};
/* End XCBuildConfiguration section */

/* Begin XCConfigurationList section */
		C3F43A861FB8A86F00EB34A4 /* Build configuration list for PBXProject "FloridaStateParks" */ = {
			isa = XCConfigurationList;
			buildConfigurations = (
				C3F43A9F1FB8A86F00EB34A4 /* Debug */,
				C3F43AA01FB8A86F00EB34A4 /* Release */,
			);
			defaultConfigurationIsVisible = 0;
			defaultConfigurationName = Release;
		};
		C3F43AA11FB8A86F00EB34A4 /* Build configuration list for PBXNativeTarget "FloridaStateParks" */ = {
			isa = XCConfigurationList;
			buildConfigurations = (
				C3F43AA21FB8A86F00EB34A4 /* Debug */,
				C3F43AA31FB8A86F00EB34A4 /* Release */,
			);
			defaultConfigurationIsVisible = 0;
			defaultConfigurationName = Release;
		};
/* End XCConfigurationList section */
	};
	rootObject = C3F43A831FB8A86F00EB34A4 /* Project object */;
}
